
Microsoft Visual Studio Solution File, Format Version 12.00
# Visual Studio Version 17
VisualStudioVersion = 17.5.002.0
MinimumVisualStudioVersion = 10.0.40219.1
Project("{2150E333-8FDC-42A3-9474-1A3956D46DE8}") = "csharp-prep", "csharp-prep", "{0DAA2DAE-451F-49CB-9CD9-1CD0AFCA8CBE}"
EndProject
Project("{9A19103F-16F7-4668-BE54-9A1E7A4F7556}") = "Prep1", "csharp-prep\Prep1\Prep1.csproj", "{70826D45-6209-424C-A823-847A7114330F}"
EndProject
Project("{9A19103F-16F7-4668-BE54-9A1E7A4F7556}") = "Prep2", "csharp-prep\Prep2\Prep2.csproj", "{9816E2EB-4B48-4E07-B5F4-AC40225DAABD}"
EndProject
Project("{9A19103F-16F7-4668-BE54-9A1E7A4F7556}") = "Prep3", "csharp-prep\Prep3\Prep3.csproj", "{856F3FF8-D8C7-4325-AB0D-DC6BE5B09FD7}"
EndProject
Project("{9A19103F-16F7-4668-BE54-9A1E7A4F7556}") = "Prep4", "csharp-prep\Prep4\Prep4.csproj", "{AECF27EE-26B2-497D-9F9F-E6DFA57911E5}"
EndProject
Project("{9A19103F-16F7-4668-BE54-9A1E7A4F7556}") = "Prep5", "csharp-prep\Prep5\Prep5.csproj", "{C43FBFBF-45E6-4201-BADF-2D57437E53C2}"
EndProject
Project("{2150E333-8FDC-42A3-9474-1A3956D46DE8}") = "final", "final", "{14E371D1-07CE-4572-BC40-BCE8AACEAFD3}"
EndProject
Project("{9A19103F-16F7-4668-BE54-9A1E7A4F7556}") = "FinalProject", "final\FinalProject\FinalProject.csproj", "{A9620CBD-F41A-4291-AF90-15DAFA866FCF}"
EndProject
Project("{9A19103F-16F7-4668-BE54-9A1E7A4F7556}") = "Foundation1", "final\Foundation1\Foundation1.csproj", "{3DA62395-15BC-4743-B7DA-02AAAF52FA4B}"
EndProject
Project("{9A19103F-16F7-4668-BE54-9A1E7A4F7556}") = "Foundation2", "final\Foundation2\Foundation2.csproj", "{9D900F77-9077-43A2-95E9-29C17923BE12}"
EndProject
Project("{9A19103F-16F7-4668-BE54-9A1E7A4F7556}") = "Foundation3", "final\Foundation3\Foundation3.csproj", "{6853CE84-6C42-4389-BB2A-DA14168708A4}"
EndProject
Project("{9A19103F-16F7-4668-BE54-9A1E7A4F7556}") = "Foundation4", "final\Foundation4\Foundation4.csproj", "{03A3550D-F5EB-4264-A086-1EF227DEC2BD}"
EndProject
Project("{2150E333-8FDC-42A3-9474-1A3956D46DE8}") = "prepare", "prepare", "{E5CF66E1-69A2-4C1D-B1EC-C7D61A9DBF4E}"
EndProject
Project("{9A19103F-16F7-4668-BE54-9A1E7A4F7556}") = "Learning02", "prepare\Learning02\Learning02.csproj", "{F0FC41D6-3424-4100-BBA5-60AC5953A646}"
EndProject
Project("{9A19103F-16F7-4668-BE54-9A1E7A4F7556}") = "Learning03", "prepare\Learning03\Learning03.csproj", "{24B291F8-23DC-40E7-A9FE-730F6A448CF5}"
EndProject
Project("{9A19103F-16F7-4668-BE54-9A1E7A4F7556}") = "Learning04", "prepare\Learning04\Learning04.csproj", "{D23BD5FF-89DA-4DE5-A6B3-80988B427A1E}"
EndProject
Project("{9A19103F-16F7-4668-BE54-9A1E7A4F7556}") = "Learning05", "prepare\Learning05\Learning05.csproj", "{B967AE46-704A-44A1-B9E8-320EA766A71E}"
EndProject
Project("{2150E333-8FDC-42A3-9474-1A3956D46DE8}") = "prove", "prove", "{6C3A8F5C-6172-4FA5-80AF-EAA17D5AA6AE}"
EndProject
Project("{9A19103F-16F7-4668-BE54-9A1E7A4F7556}") = "Develop02", "prove\Develop02\Develop02.csproj", "{43A12F83-DAE8-4F9E-936F-1B7349DACA52}"
EndProject
Project("{9A19103F-16F7-4668-BE54-9A1E7A4F7556}") = "Develop03", "prove\Develop03\Develop03.csproj", "{0BEABB6F-D2F1-4733-82D8-B05F9EB6E451}"
EndProject
Project("{9A19103F-16F7-4668-BE54-9A1E7A4F7556}") = "Develop04", "prove\Develop04\Develop04.csproj", "{DF4B9DAD-DD26-489A-9280-3F6758F2A591}"
EndProject
Project("{9A19103F-16F7-4668-BE54-9A1E7A4F7556}") = "Develop05", "prove\Develop05\Develop05.csproj", "{17D51913-C6D6-41E2-8CCC-BB4E7E834527}"
EndProject
Project("{2150E333-8FDC-42A3-9474-1A3956D46DE8}") = "sandbox", "sandbox", "{E1ECE740-9A0E-4B1E-B663-59808926B41C}"
EndProject
Project("{9A19103F-16F7-4668-BE54-9A1E7A4F7556}") = "Sandbox", "sandbox\Sandbox\Sandbox.csproj", "{570F68C6-1C19-4916-A268-CA616642D46E}"
EndProject
Global
	GlobalSection(SolutionConfigurationPlatforms) = preSolution
		Debug|Any CPU = Debug|Any CPU
		Release|Any CPU = Release|Any CPU
	EndGlobalSection
	GlobalSection(ProjectConfigurationPlatforms) = postSolution
		{70826D45-6209-424C-A823-847A7114330F}.Debug|Any CPU.ActiveCfg = Debug|Any CPU
		{70826D45-6209-424C-A823-847A7114330F}.Debug|Any CPU.Build.0 = Debug|Any CPU
		{70826D45-6209-424C-A823-847A7114330F}.Release|Any CPU.ActiveCfg = Release|Any CPU
		{70826D45-6209-424C-A823-847A7114330F}.Release|Any CPU.Build.0 = Release|Any CPU
		{9816E2EB-4B48-4E07-B5F4-AC40225DAABD}.Debug|Any CPU.ActiveCfg = Debug|Any CPU
		{9816E2EB-4B48-4E07-B5F4-AC40225DAABD}.Debug|Any CPU.Build.0 = Debug|Any CPU
		{9816E2EB-4B48-4E07-B5F4-AC40225DAABD}.Release|Any CPU.ActiveCfg = Release|Any CPU
		{9816E2EB-4B48-4E07-B5F4-AC40225DAABD}.Release|Any CPU.Build.0 = Release|Any CPU
		{856F3FF8-D8C7-4325-AB0D-DC6BE5B09FD7}.Debug|Any CPU.ActiveCfg = Debug|Any CPU
		{856F3FF8-D8C7-4325-AB0D-DC6BE5B09FD7}.Debug|Any CPU.Build.0 = Debug|Any CPU
		{856F3FF8-D8C7-4325-AB0D-DC6BE5B09FD7}.Release|Any CPU.ActiveCfg = Release|Any CPU
		{856F3FF8-D8C7-4325-AB0D-DC6BE5B09FD7}.Release|Any CPU.Build.0 = Release|Any CPU
		{AECF27EE-26B2-497D-9F9F-E6DFA57911E5}.Debug|Any CPU.ActiveCfg = Debug|Any CPU
		{AECF27EE-26B2-497D-9F9F-E6DFA57911E5}.Debug|Any CPU.Build.0 = Debug|Any CPU
		{AECF27EE-26B2-497D-9F9F-E6DFA57911E5}.Release|Any CPU.ActiveCfg = Release|Any CPU
		{AECF27EE-26B2-497D-9F9F-E6DFA57911E5}.Release|Any CPU.Build.0 = Release|Any CPU
		{C43FBFBF-45E6-4201-BADF-2D57437E53C2}.Debug|Any CPU.ActiveCfg = Debug|Any CPU
		{C43FBFBF-45E6-4201-BADF-2D57437E53C2}.Debug|Any CPU.Build.0 = Debug|Any CPU
		{C43FBFBF-45E6-4201-BADF-2D57437E53C2}.Release|Any CPU.ActiveCfg = Release|Any CPU
		{C43FBFBF-45E6-4201-BADF-2D57437E53C2}.Release|Any CPU.Build.0 = Release|Any CPU
		{A9620CBD-F41A-4291-AF90-15DAFA866FCF}.Debug|Any CPU.ActiveCfg = Debug|Any CPU
		{A9620CBD-F41A-4291-AF90-15DAFA866FCF}.Debug|Any CPU.Build.0 = Debug|Any CPU
		{A9620CBD-F41A-4291-AF90-15DAFA866FCF}.Release|Any CPU.ActiveCfg = Release|Any CPU
		{A9620CBD-F41A-4291-AF90-15DAFA866FCF}.Release|Any CPU.Build.0 = Release|Any CPU
		{3DA62395-15BC-4743-B7DA-02AAAF52FA4B}.Debug|Any CPU.ActiveCfg = Debug|Any CPU
		{3DA62395-15BC-4743-B7DA-02AAAF52FA4B}.Debug|Any CPU.Build.0 = Debug|Any CPU
		{3DA62395-15BC-4743-B7DA-02AAAF52FA4B}.Release|Any CPU.ActiveCfg = Release|Any CPU
		{3DA62395-15BC-4743-B7DA-02AAAF52FA4B}.Release|Any CPU.Build.0 = Release|Any CPU
		{9D900F77-9077-43A2-95E9-29C17923BE12}.Debug|Any CPU.ActiveCfg = Debug|Any CPU
		{9D900F77-9077-43A2-95E9-29C17923BE12}.Debug|Any CPU.Build.0 = Debug|Any CPU
		{9D900F77-9077-43A2-95E9-29C17923BE12}.Release|Any CPU.ActiveCfg = Release|Any CPU
		{9D900F77-9077-43A2-95E9-29C17923BE12}.Release|Any CPU.Build.0 = Release|Any CPU
		{6853CE84-6C42-4389-BB2A-DA14168708A4}.Debug|Any CPU.ActiveCfg = Debug|Any CPU
		{6853CE84-6C42-4389-BB2A-DA14168708A4}.Debug|Any CPU.Build.0 = Debug|Any CPU
		{6853CE84-6C42-4389-BB2A-DA14168708A4}.Release|Any CPU.ActiveCfg = Release|Any CPU
		{6853CE84-6C42-4389-BB2A-DA14168708A4}.Release|Any CPU.Build.0 = Release|Any CPU
		{03A3550D-F5EB-4264-A086-1EF227DEC2BD}.Debug|Any CPU.ActiveCfg = Debug|Any CPU
		{03A3550D-F5EB-4264-A086-1EF227DEC2BD}.Debug|Any CPU.Build.0 = Debug|Any CPU
		{03A3550D-F5EB-4264-A086-1EF227DEC2BD}.Release|Any CPU.ActiveCfg = Release|Any CPU
		{03A3550D-F5EB-4264-A086-1EF227DEC2BD}.Release|Any CPU.Build.0 = Release|Any CPU
		{F0FC41D6-3424-4100-BBA5-60AC5953A646}.Debug|Any CPU.ActiveCfg = Debug|Any CPU
		{F0FC41D6-3424-4100-BBA5-60AC5953A646}.Debug|Any CPU.Build.0 = Debug|Any CPU
		{F0FC41D6-3424-4100-BBA5-60AC5953A646}.Release|Any CPU.ActiveCfg = Release|Any CPU
		{F0FC41D6-3424-4100-BBA5-60AC5953A646}.Release|Any CPU.Build.0 = Release|Any CPU
		{24B291F8-23DC-40E7-A9FE-730F6A448CF5}.Debug|Any CPU.ActiveCfg = Debug|Any CPU
		{24B291F8-23DC-40E7-A9FE-730F6A448CF5}.Debug|Any CPU.Build.0 = Debug|Any CPU
		{24B291F8-23DC-40E7-A9FE-730F6A448CF5}.Release|Any CPU.ActiveCfg = Release|Any CPU
		{24B291F8-23DC-40E7-A9FE-730F6A448CF5}.Release|Any CPU.Build.0 = Release|Any CPU
		{D23BD5FF-89DA-4DE5-A6B3-80988B427A1E}.Debug|Any CPU.ActiveCfg = Debug|Any CPU
		{D23BD5FF-89DA-4DE5-A6B3-80988B427A1E}.Debug|Any CPU.Build.0 = Debug|Any CPU
		{D23BD5FF-89DA-4DE5-A6B3-80988B427A1E}.Release|Any CPU.ActiveCfg = Release|Any CPU
		{D23BD5FF-89DA-4DE5-A6B3-80988B427A1E}.Release|Any CPU.Build.0 = Release|Any CPU
		{B967AE46-704A-44A1-B9E8-320EA766A71E}.Debug|Any CPU.ActiveCfg = Debug|Any CPU
		{B967AE46-704A-44A1-B9E8-320EA766A71E}.Debug|Any CPU.Build.0 = Debug|Any CPU
		{B967AE46-704A-44A1-B9E8-320EA766A71E}.Release|Any CPU.ActiveCfg = Release|Any CPU
		{B967AE46-704A-44A1-B9E8-320EA766A71E}.Release|Any CPU.Build.0 = Release|Any CPU
		{43A12F83-DAE8-4F9E-936F-1B7349DACA52}.Debug|Any CPU.ActiveCfg = Debug|Any CPU
		{43A12F83-DAE8-4F9E-936F-1B7349DACA52}.Debug|Any CPU.Build.0 = Debug|Any CPU
		{43A12F83-DAE8-4F9E-936F-1B7349DACA52}.Release|Any CPU.ActiveCfg = Release|Any CPU
		{43A12F83-DAE8-4F9E-936F-1B7349DACA52}.Release|Any CPU.Build.0 = Release|Any CPU
		{0BEABB6F-D2F1-4733-82D8-B05F9EB6E451}.Debug|Any CPU.ActiveCfg = Debug|Any CPU
		{0BEABB6F-D2F1-4733-82D8-B05F9EB6E451}.Debug|Any CPU.Build.0 = Debug|Any CPU
		{0BEABB6F-D2F1-4733-82D8-B05F9EB6E451}.Release|Any CPU.ActiveCfg = Release|Any CPU
		{0BEABB6F-D2F1-4733-82D8-B05F9EB6E451}.Release|Any CPU.Build.0 = Release|Any CPU
		{DF4B9DAD-DD26-489A-9280-3F6758F2A591}.Debug|Any CPU.ActiveCfg = Debug|Any CPU
		{DF4B9DAD-DD26-489A-9280-3F6758F2A591}.Debug|Any CPU.Build.0 = Debug|Any CPU
		{DF4B9DAD-DD26-489A-9280-3F6758F2A591}.Release|Any CPU.ActiveCfg = Release|Any CPU
		{DF4B9DAD-DD26-489A-9280-3F6758F2A591}.Release|Any CPU.Build.0 = Release|Any CPU
		{17D51913-C6D6-41E2-8CCC-BB4E7E834527}.Debug|Any CPU.ActiveCfg = Debug|Any CPU
		{17D51913-C6D6-41E2-8CCC-BB4E7E834527}.Debug|Any CPU.Build.0 = Debug|Any CPU
		{17D51913-C6D6-41E2-8CCC-BB4E7E834527}.Release|Any CPU.ActiveCfg = Release|Any CPU
		{17D51913-C6D6-41E2-8CCC-BB4E7E834527}.Release|Any CPU.Build.0 = Release|Any CPU
		{570F68C6-1C19-4916-A268-CA616642D46E}.Debug|Any CPU.ActiveCfg = Debug|Any CPU
		{570F68C6-1C19-4916-A268-CA616642D46E}.Debug|Any CPU.Build.0 = Debug|Any CPU
		{570F68C6-1C19-4916-A268-CA616642D46E}.Release|Any CPU.ActiveCfg = Release|Any CPU
		{570F68C6-1C19-4916-A268-CA616642D46E}.Release|Any CPU.Build.0 = Release|Any CPU
	EndGlobalSection
	GlobalSection(SolutionProperties) = preSolution
		HideSolutionNode = FALSE
	EndGlobalSection
	GlobalSection(NestedProjects) = preSolution
		{70826D45-6209-424C-A823-847A7114330F} = {0DAA2DAE-451F-49CB-9CD9-1CD0AFCA8CBE}
		{9816E2EB-4B48-4E07-B5F4-AC40225DAABD} = {0DAA2DAE-451F-49CB-9CD9-1CD0AFCA8CBE}
		{856F3FF8-D8C7-4325-AB0D-DC6BE5B09FD7} = {0DAA2DAE-451F-49CB-9CD9-1CD0AFCA8CBE}
		{AECF27EE-26B2-497D-9F9F-E6DFA57911E5} = {0DAA2DAE-451F-49CB-9CD9-1CD0AFCA8CBE}
		{C43FBFBF-45E6-4201-BADF-2D57437E53C2} = {0DAA2DAE-451F-49CB-9CD9-1CD0AFCA8CBE}
		{A9620CBD-F41A-4291-AF90-15DAFA866FCF} = {14E371D1-07CE-4572-BC40-BCE8AACEAFD3}
		{3DA62395-15BC-4743-B7DA-02AAAF52FA4B} = {14E371D1-07CE-4572-BC40-BCE8AACEAFD3}
		{9D900F77-9077-43A2-95E9-29C17923BE12} = {14E371D1-07CE-4572-BC40-BCE8AACEAFD3}
		{6853CE84-6C42-4389-BB2A-DA14168708A4} = {14E371D1-07CE-4572-BC40-BCE8AACEAFD3}
		{03A3550D-F5EB-4264-A086-1EF227DEC2BD} = {14E371D1-07CE-4572-BC40-BCE8AACEAFD3}
		{F0FC41D6-3424-4100-BBA5-60AC5953A646} = {E5CF66E1-69A2-4C1D-B1EC-C7D61A9DBF4E}
		{24B291F8-23DC-40E7-A9FE-730F6A448CF5} = {E5CF66E1-69A2-4C1D-B1EC-C7D61A9DBF4E}
		{D23BD5FF-89DA-4DE5-A6B3-80988B427A1E} = {E5CF66E1-69A2-4C1D-B1EC-C7D61A9DBF4E}
		{B967AE46-704A-44A1-B9E8-320EA766A71E} = {E5CF66E1-69A2-4C1D-B1EC-C7D61A9DBF4E}
		{43A12F83-DAE8-4F9E-936F-1B7349DACA52} = {6C3A8F5C-6172-4FA5-80AF-EAA17D5AA6AE}
		{0BEABB6F-D2F1-4733-82D8-B05F9EB6E451} = {6C3A8F5C-6172-4FA5-80AF-EAA17D5AA6AE}
		{DF4B9DAD-DD26-489A-9280-3F6758F2A591} = {6C3A8F5C-6172-4FA5-80AF-EAA17D5AA6AE}
		{17D51913-C6D6-41E2-8CCC-BB4E7E834527} = {6C3A8F5C-6172-4FA5-80AF-EAA17D5AA6AE}
		{570F68C6-1C19-4916-A268-CA616642D46E} = {E1ECE740-9A0E-4B1E-B663-59808926B41C}
	EndGlobalSection
	GlobalSection(ExtensibilityGlobals) = postSolution
		SolutionGuid = {837B94FE-7153-4E13-8A36-763ABE2C5CC0}
	EndGlobalSection
EndGlobal
